
Microsoft Visual Studio Solution File, Format Version 12.00
# Visual Studio Version 16
VisualStudioVersion = 16.0.30413.136
MinimumVisualStudioVersion = 10.0.40219.1
Project("{FAE04EC0-301F-11D3-BF4B-00C04F79EFBC}") = "Triangle_form1", "Triangle_form1.csproj", "{D22584F3-3D5D-46B0-BC00-7A3F72BCDD1D}"
EndProject
Global
	GlobalSection(SolutionConfigurationPlatforms) = preSolution
		Debug|Any CPU = Debug|Any CPU
		Release|Any CPU = Release|Any CPU
	EndGlobalSection
	GlobalSection(ProjectConfigurationPlatforms) = postSolution
		{D22584F3-3D5D-46B0-BC00-7A3F72BCDD1D}.Debug|Any CPU.ActiveCfg = Debug|Any CPU
		{D22584F3-3D5D-46B0-BC00-7A3F72BCDD1D}.Debug|Any CPU.Build.0 = Debug|Any CPU
		{D22584F3-3D5D-46B0-BC00-7A3F72BCDD1D}.Release|Any CPU.ActiveCfg = Release|Any CPU
		{D22584F3-3D5D-46B0-BC00-7A3F72BCDD1D}.Release|Any CPU.Build.0 = Release|Any CPU
	EndGlobalSection
	GlobalSection(SolutionProperties) = preSolution
		HideSolutionNode = FALSE
	EndGlobalSection
	GlobalSection(ExtensibilityGlobals) = postSolution
		SolutionGuid = {E48947DC-6A6F-452B-808A-EC058949E72E}
	EndGlobalSection
EndGlobal
